
Microsoft Visual Studio Solution File, Format Version 12.00
# Visual Studio Version 16
VisualStudioVersion = 16.0.29411.108
MinimumVisualStudioVersion = 10.0.40219.1
Project("{8BC9CEB8-8B4A-11D0-8D11-00A0C91BC942}") = "01-02 (F)", "01-02 (F)\01-02 (F).vcxproj", "{AFB257AE-6964-412B-998B-7DD0B46AF956}"
EndProject
Project("{8BC9CEB8-8B4A-11D0-8D11-00A0C91BC942}") = "02-03 (F)", "02-03 (F)\02-03 (F).vcxproj", "{6E419C02-3A96-4BF6-8C87-E519FF7F03FA}"
EndProject
Project("{8BC9CEB8-8B4A-11D0-8D11-00A0C91BC942}") = "02-04 (F)", "02-04 (F)\02-04 (F).vcxproj", "{D744A6DF-6399-469D-AA74-21A735DB9697}"
EndProject
Project("{8BC9CEB8-8B4A-11D0-8D11-00A0C91BC942}") = "04.05-Palindrom-Erkennung mit flexibler Wortlänge(P)", "04.05- Palindrom-Erkennung mit flexibler Wortlänge(P)\04.05- Palindrom-Erkennung mit flexibler Wortlänge(P).vcxproj", "{310ED09B-618D-4175-B586-E09771D1CB76}"
EndProject
Project("{8BC9CEB8-8B4A-11D0-8D11-00A0C91BC942}") = "03.01-Prüfung auf Kleinbuchstabe(P)", "03.01-Prüfung auf Kleinbuchstabe(P)\Offline Aufgaben.vcxproj", "{3390AF1E-FC61-4348-8002-2B8FF75D00A9}"
EndProject
Project("{8BC9CEB8-8B4A-11D0-8D11-00A0C91BC942}") = "03.02-Ja Nein Eingabe erkennen(P)", "03.02-Ja Nein Eingabe erkennen(P)\03-02.vcxproj", "{C24B693B-9260-420B-9EF2-3787B754C30B}"
EndProject
Project("{8BC9CEB8-8B4A-11D0-8D11-00A0C91BC942}") = "04.10-Buchstaben im String umwandeln(P)", "04.10-Buchstaben im String umwandeln(P)\04.10-Buchstaben im String umwandeln.vcxproj", "{BA648A72-EC91-4C33-95BA-4FDA3A1F9E3F}"
EndProject
Project("{8BC9CEB8-8B4A-11D0-8D11-00A0C91BC942}") = "04.12-Parallelogramm zeichnen", "04.12-Parallelogramm zeichnen\04.12-Parallelogramm zeichnen.vcxproj", "{0870689E-AA94-4A54-8CDC-450D555C7C2F}"
EndProject
Project("{8BC9CEB8-8B4A-11D0-8D11-00A0C91BC942}") = "05.05-Unterschiedliche Eingaben zählen", "05.05-Unterschiedliche Eingaben zählen\05.05-Unterschiedliche Eingaben zählen.vcxproj", "{BAE5D76B-AC5B-48FA-9A22-3F52BE9D22FF}"
EndProject
Project("{8BC9CEB8-8B4A-11D0-8D11-00A0C91BC942}") = "05.09-String-Funktion trimme()", "05.09-String-Funktion trimme()\05.09-String-Funktion trimme().vcxproj", "{504F566D-44F5-420C-ABA6-915C362F5A1F}"
EndProject
Project("{8BC9CEB8-8B4A-11D0-8D11-00A0C91BC942}") = "06.01-Zeichenkette aufteilen ab Zeichen", "06.01-Zeichenkette aufteilen ab Zeichen\06.01-Zeichenkette aufteilen ab Zeichen.vcxproj", "{BFA38310-C18D-4AD2-96BD-83D7165456FD}"
EndProject
Project("{8BC9CEB8-8B4A-11D0-8D11-00A0C91BC942}") = "06.03-Linien zeichnen (rekursiv)(P)", "06.03-Linien zeichnen (rekursiv)(P)\06.03-Linien zeichnen (rekursiv)(P).vcxproj", "{09DEAFCB-839F-4EB4-A018-2CD8B4472AF9}"
EndProject
Project("{8BC9CEB8-8B4A-11D0-8D11-00A0C91BC942}") = "07.01-Text rechtsbündig setzen", "07.01-Text rechtsbündig setzen\07.01-Text rechtsbündig setzen.vcxproj", "{671FF5D8-CC92-476A-B5AF-7D93191B152D}"
EndProject
Project("{8BC9CEB8-8B4A-11D0-8D11-00A0C91BC942}") = "07.05-Morse Alphabet(P)", "07.05-Morse Alphabet(P)\07.05-Morse Alphabet(P).vcxproj", "{68637408-4536-4E45-BF83-155D27BAD506}"
EndProject
Project("{8BC9CEB8-8B4A-11D0-8D11-00A0C91BC942}") = "02.05-Kleinbuchstaben in Großbuchstaben umwandeln(F)", "02.05-Kleinbuchstaben in Großbuchstaben umwandeln(F)\02.05-Kleinbuchstaben in Großbuchstaben umwandeln(F).vcxproj", "{36FD28E1-CB5B-4CD7-AA9D-2E6DA75546CE}"
EndProject
Project("{8BC9CEB8-8B4A-11D0-8D11-00A0C91BC942}") = "03.03-Zahlziffer-Umwandlung(F)", "03.03-Zahlziffer-Umwandlung(F)\03.03-Zahlziffer-Umwandlung(F).vcxproj", "{7E28EC6B-72CC-423E-80CF-6ACDFD9390C5}"
EndProject
Project("{8BC9CEB8-8B4A-11D0-8D11-00A0C91BC942}") = "03.04-Grüßen gemäß Tageszeit(F)", "03.04-Grüßen gemäß Tageszeit(F)\03.04-Grüßen gemäß Tageszeit(F).vcxproj", "{8531946A-9D52-4C00-A6E6-6DC211A3D2D8}"
EndProject
Project("{8BC9CEB8-8B4A-11D0-8D11-00A0C91BC942}") = "03.05-Palindrom-Erkennung bei fester Wortlänge(F)", "03.05-Palindrom-Erkennung bei fester Wortlänge(F)\03.05-Palindrom-Erkennung bei fester Wortlänge(F).vcxproj", "{4D0AE8E0-2CBF-4E8A-A584-B9AB8A30FAE0}"
EndProject
Project("{8BC9CEB8-8B4A-11D0-8D11-00A0C91BC942}") = "03.06-Kleinste und Größte von drei eingegebenen Zahlen(F)", "03.06-Kleinste und Größte von drei eingegebenen Zahlen(F)\03.06-Kleinste und Größte von drei eingegebenen Zahlen(F).vcxproj", "{BBEBBD91-DDC3-4162-9C5A-E91D9279D780}"
EndProject
Global
	GlobalSection(SolutionConfigurationPlatforms) = preSolution
		Debug|x64 = Debug|x64
		Debug|x86 = Debug|x86
		Release|x64 = Release|x64
		Release|x86 = Release|x86
	EndGlobalSection
	GlobalSection(ProjectConfigurationPlatforms) = postSolution
		{AFB257AE-6964-412B-998B-7DD0B46AF956}.Debug|x64.ActiveCfg = Debug|x64
		{AFB257AE-6964-412B-998B-7DD0B46AF956}.Debug|x64.Build.0 = Debug|x64
		{AFB257AE-6964-412B-998B-7DD0B46AF956}.Debug|x86.ActiveCfg = Debug|Win32
		{AFB257AE-6964-412B-998B-7DD0B46AF956}.Debug|x86.Build.0 = Debug|Win32
		{AFB257AE-6964-412B-998B-7DD0B46AF956}.Release|x64.ActiveCfg = Release|x64
		{AFB257AE-6964-412B-998B-7DD0B46AF956}.Release|x64.Build.0 = Release|x64
		{AFB257AE-6964-412B-998B-7DD0B46AF956}.Release|x86.ActiveCfg = Release|Win32
		{AFB257AE-6964-412B-998B-7DD0B46AF956}.Release|x86.Build.0 = Release|Win32
		{6E419C02-3A96-4BF6-8C87-E519FF7F03FA}.Debug|x64.ActiveCfg = Debug|x64
		{6E419C02-3A96-4BF6-8C87-E519FF7F03FA}.Debug|x64.Build.0 = Debug|x64
		{6E419C02-3A96-4BF6-8C87-E519FF7F03FA}.Debug|x86.ActiveCfg = Debug|Win32
		{6E419C02-3A96-4BF6-8C87-E519FF7F03FA}.Debug|x86.Build.0 = Debug|Win32
		{6E419C02-3A96-4BF6-8C87-E519FF7F03FA}.Release|x64.ActiveCfg = Release|x64
		{6E419C02-3A96-4BF6-8C87-E519FF7F03FA}.Release|x64.Build.0 = Release|x64
		{6E419C02-3A96-4BF6-8C87-E519FF7F03FA}.Release|x86.ActiveCfg = Release|Win32
		{6E419C02-3A96-4BF6-8C87-E519FF7F03FA}.Release|x86.Build.0 = Release|Win32
		{D744A6DF-6399-469D-AA74-21A735DB9697}.Debug|x64.ActiveCfg = Debug|x64
		{D744A6DF-6399-469D-AA74-21A735DB9697}.Debug|x64.Build.0 = Debug|x64
		{D744A6DF-6399-469D-AA74-21A735DB9697}.Debug|x86.ActiveCfg = Debug|Win32
		{D744A6DF-6399-469D-AA74-21A735DB9697}.Debug|x86.Build.0 = Debug|Win32
		{D744A6DF-6399-469D-AA74-21A735DB9697}.Release|x64.ActiveCfg = Release|x64
		{D744A6DF-6399-469D-AA74-21A735DB9697}.Release|x64.Build.0 = Release|x64
		{D744A6DF-6399-469D-AA74-21A735DB9697}.Release|x86.ActiveCfg = Release|Win32
		{D744A6DF-6399-469D-AA74-21A735DB9697}.Release|x86.Build.0 = Release|Win32
		{310ED09B-618D-4175-B586-E09771D1CB76}.Debug|x64.ActiveCfg = Debug|x64
		{310ED09B-618D-4175-B586-E09771D1CB76}.Debug|x64.Build.0 = Debug|x64
		{310ED09B-618D-4175-B586-E09771D1CB76}.Debug|x86.ActiveCfg = Debug|Win32
		{310ED09B-618D-4175-B586-E09771D1CB76}.Debug|x86.Build.0 = Debug|Win32
		{310ED09B-618D-4175-B586-E09771D1CB76}.Release|x64.ActiveCfg = Release|x64
		{310ED09B-618D-4175-B586-E09771D1CB76}.Release|x64.Build.0 = Release|x64
		{310ED09B-618D-4175-B586-E09771D1CB76}.Release|x86.ActiveCfg = Release|Win32
		{310ED09B-618D-4175-B586-E09771D1CB76}.Release|x86.Build.0 = Release|Win32
		{3390AF1E-FC61-4348-8002-2B8FF75D00A9}.Debug|x64.ActiveCfg = Debug|x64
		{3390AF1E-FC61-4348-8002-2B8FF75D00A9}.Debug|x64.Build.0 = Debug|x64
		{3390AF1E-FC61-4348-8002-2B8FF75D00A9}.Debug|x86.ActiveCfg = Debug|Win32
		{3390AF1E-FC61-4348-8002-2B8FF75D00A9}.Debug|x86.Build.0 = Debug|Win32
		{3390AF1E-FC61-4348-8002-2B8FF75D00A9}.Release|x64.ActiveCfg = Release|x64
		{3390AF1E-FC61-4348-8002-2B8FF75D00A9}.Release|x64.Build.0 = Release|x64
		{3390AF1E-FC61-4348-8002-2B8FF75D00A9}.Release|x86.ActiveCfg = Release|Win32
		{3390AF1E-FC61-4348-8002-2B8FF75D00A9}.Release|x86.Build.0 = Release|Win32
		{C24B693B-9260-420B-9EF2-3787B754C30B}.Debug|x64.ActiveCfg = Debug|x64
		{C24B693B-9260-420B-9EF2-3787B754C30B}.Debug|x64.Build.0 = Debug|x64
		{C24B693B-9260-420B-9EF2-3787B754C30B}.Debug|x86.ActiveCfg = Debug|Win32
		{C24B693B-9260-420B-9EF2-3787B754C30B}.Debug|x86.Build.0 = Debug|Win32
		{C24B693B-9260-420B-9EF2-3787B754C30B}.Release|x64.ActiveCfg = Release|x64
		{C24B693B-9260-420B-9EF2-3787B754C30B}.Release|x64.Build.0 = Release|x64
		{C24B693B-9260-420B-9EF2-3787B754C30B}.Release|x86.ActiveCfg = Release|Win32
		{C24B693B-9260-420B-9EF2-3787B754C30B}.Release|x86.Build.0 = Release|Win32
		{BA648A72-EC91-4C33-95BA-4FDA3A1F9E3F}.Debug|x64.ActiveCfg = Debug|x64
		{BA648A72-EC91-4C33-95BA-4FDA3A1F9E3F}.Debug|x64.Build.0 = Debug|x64
		{BA648A72-EC91-4C33-95BA-4FDA3A1F9E3F}.Debug|x86.ActiveCfg = Debug|Win32
		{BA648A72-EC91-4C33-95BA-4FDA3A1F9E3F}.Debug|x86.Build.0 = Debug|Win32
		{BA648A72-EC91-4C33-95BA-4FDA3A1F9E3F}.Release|x64.ActiveCfg = Release|x64
		{BA648A72-EC91-4C33-95BA-4FDA3A1F9E3F}.Release|x64.Build.0 = Release|x64
		{BA648A72-EC91-4C33-95BA-4FDA3A1F9E3F}.Release|x86.ActiveCfg = Release|Win32
		{BA648A72-EC91-4C33-95BA-4FDA3A1F9E3F}.Release|x86.Build.0 = Release|Win32
		{0870689E-AA94-4A54-8CDC-450D555C7C2F}.Debug|x64.ActiveCfg = Debug|x64
		{0870689E-AA94-4A54-8CDC-450D555C7C2F}.Debug|x64.Build.0 = Debug|x64
		{0870689E-AA94-4A54-8CDC-450D555C7C2F}.Debug|x86.ActiveCfg = Debug|Win32
		{0870689E-AA94-4A54-8CDC-450D555C7C2F}.Debug|x86.Build.0 = Debug|Win32
		{0870689E-AA94-4A54-8CDC-450D555C7C2F}.Release|x64.ActiveCfg = Release|x64
		{0870689E-AA94-4A54-8CDC-450D555C7C2F}.Release|x64.Build.0 = Release|x64
		{0870689E-AA94-4A54-8CDC-450D555C7C2F}.Release|x86.ActiveCfg = Release|Win32
		{0870689E-AA94-4A54-8CDC-450D555C7C2F}.Release|x86.Build.0 = Release|Win32
		{BAE5D76B-AC5B-48FA-9A22-3F52BE9D22FF}.Debug|x64.ActiveCfg = Debug|x64
		{BAE5D76B-AC5B-48FA-9A22-3F52BE9D22FF}.Debug|x64.Build.0 = Debug|x64
		{BAE5D76B-AC5B-48FA-9A22-3F52BE9D22FF}.Debug|x86.ActiveCfg = Debug|Win32
		{BAE5D76B-AC5B-48FA-9A22-3F52BE9D22FF}.Debug|x86.Build.0 = Debug|Win32
		{BAE5D76B-AC5B-48FA-9A22-3F52BE9D22FF}.Release|x64.ActiveCfg = Release|x64
		{BAE5D76B-AC5B-48FA-9A22-3F52BE9D22FF}.Release|x64.Build.0 = Release|x64
		{BAE5D76B-AC5B-48FA-9A22-3F52BE9D22FF}.Release|x86.ActiveCfg = Release|Win32
		{BAE5D76B-AC5B-48FA-9A22-3F52BE9D22FF}.Release|x86.Build.0 = Release|Win32
		{504F566D-44F5-420C-ABA6-915C362F5A1F}.Debug|x64.ActiveCfg = Debug|x64
		{504F566D-44F5-420C-ABA6-915C362F5A1F}.Debug|x64.Build.0 = Debug|x64
		{504F566D-44F5-420C-ABA6-915C362F5A1F}.Debug|x86.ActiveCfg = Debug|Win32
		{504F566D-44F5-420C-ABA6-915C362F5A1F}.Debug|x86.Build.0 = Debug|Win32
		{504F566D-44F5-420C-ABA6-915C362F5A1F}.Release|x64.ActiveCfg = Release|x64
		{504F566D-44F5-420C-ABA6-915C362F5A1F}.Release|x64.Build.0 = Release|x64
		{504F566D-44F5-420C-ABA6-915C362F5A1F}.Release|x86.ActiveCfg = Release|Win32
		{504F566D-44F5-420C-ABA6-915C362F5A1F}.Release|x86.Build.0 = Release|Win32
		{BFA38310-C18D-4AD2-96BD-83D7165456FD}.Debug|x64.ActiveCfg = Debug|x64
		{BFA38310-C18D-4AD2-96BD-83D7165456FD}.Debug|x64.Build.0 = Debug|x64
		{BFA38310-C18D-4AD2-96BD-83D7165456FD}.Debug|x86.ActiveCfg = Debug|Win32
		{BFA38310-C18D-4AD2-96BD-83D7165456FD}.Debug|x86.Build.0 = Debug|Win32
		{BFA38310-C18D-4AD2-96BD-83D7165456FD}.Release|x64.ActiveCfg = Release|x64
		{BFA38310-C18D-4AD2-96BD-83D7165456FD}.Release|x64.Build.0 = Release|x64
		{BFA38310-C18D-4AD2-96BD-83D7165456FD}.Release|x86.ActiveCfg = Release|Win32
		{BFA38310-C18D-4AD2-96BD-83D7165456FD}.Release|x86.Build.0 = Release|Win32
		{09DEAFCB-839F-4EB4-A018-2CD8B4472AF9}.Debug|x64.ActiveCfg = Debug|x64
		{09DEAFCB-839F-4EB4-A018-2CD8B4472AF9}.Debug|x64.Build.0 = Debug|x64
		{09DEAFCB-839F-4EB4-A018-2CD8B4472AF9}.Debug|x86.ActiveCfg = Debug|Win32
		{09DEAFCB-839F-4EB4-A018-2CD8B4472AF9}.Debug|x86.Build.0 = Debug|Win32
		{09DEAFCB-839F-4EB4-A018-2CD8B4472AF9}.Release|x64.ActiveCfg = Release|x64
		{09DEAFCB-839F-4EB4-A018-2CD8B4472AF9}.Release|x64.Build.0 = Release|x64
		{09DEAFCB-839F-4EB4-A018-2CD8B4472AF9}.Release|x86.ActiveCfg = Release|Win32
		{09DEAFCB-839F-4EB4-A018-2CD8B4472AF9}.Release|x86.Build.0 = Release|Win32
		{671FF5D8-CC92-476A-B5AF-7D93191B152D}.Debug|x64.ActiveCfg = Debug|x64
		{671FF5D8-CC92-476A-B5AF-7D93191B152D}.Debug|x64.Build.0 = Debug|x64
		{671FF5D8-CC92-476A-B5AF-7D93191B152D}.Debug|x86.ActiveCfg = Debug|Win32
		{671FF5D8-CC92-476A-B5AF-7D93191B152D}.Debug|x86.Build.0 = Debug|Win32
		{671FF5D8-CC92-476A-B5AF-7D93191B152D}.Release|x64.ActiveCfg = Release|x64
		{671FF5D8-CC92-476A-B5AF-7D93191B152D}.Release|x64.Build.0 = Release|x64
		{671FF5D8-CC92-476A-B5AF-7D93191B152D}.Release|x86.ActiveCfg = Release|Win32
		{671FF5D8-CC92-476A-B5AF-7D93191B152D}.Release|x86.Build.0 = Release|Win32
		{68637408-4536-4E45-BF83-155D27BAD506}.Debug|x64.ActiveCfg = Debug|x64
		{68637408-4536-4E45-BF83-155D27BAD506}.Debug|x64.Build.0 = Debug|x64
		{68637408-4536-4E45-BF83-155D27BAD506}.Debug|x86.ActiveCfg = Debug|Win32
		{68637408-4536-4E45-BF83-155D27BAD506}.Debug|x86.Build.0 = Debug|Win32
		{68637408-4536-4E45-BF83-155D27BAD506}.Release|x64.ActiveCfg = Release|x64
		{68637408-4536-4E45-BF83-155D27BAD506}.Release|x64.Build.0 = Release|x64
		{68637408-4536-4E45-BF83-155D27BAD506}.Release|x86.ActiveCfg = Release|Win32
		{68637408-4536-4E45-BF83-155D27BAD506}.Release|x86.Build.0 = Release|Win32
		{36FD28E1-CB5B-4CD7-AA9D-2E6DA75546CE}.Debug|x64.ActiveCfg = Debug|x64
		{36FD28E1-CB5B-4CD7-AA9D-2E6DA75546CE}.Debug|x64.Build.0 = Debug|x64
		{36FD28E1-CB5B-4CD7-AA9D-2E6DA75546CE}.Debug|x86.ActiveCfg = Debug|Win32
		{36FD28E1-CB5B-4CD7-AA9D-2E6DA75546CE}.Debug|x86.Build.0 = Debug|Win32
		{36FD28E1-CB5B-4CD7-AA9D-2E6DA75546CE}.Release|x64.ActiveCfg = Release|x64
		{36FD28E1-CB5B-4CD7-AA9D-2E6DA75546CE}.Release|x64.Build.0 = Release|x64
		{36FD28E1-CB5B-4CD7-AA9D-2E6DA75546CE}.Release|x86.ActiveCfg = Release|Win32
		{36FD28E1-CB5B-4CD7-AA9D-2E6DA75546CE}.Release|x86.Build.0 = Release|Win32
		{7E28EC6B-72CC-423E-80CF-6ACDFD9390C5}.Debug|x64.ActiveCfg = Debug|x64
		{7E28EC6B-72CC-423E-80CF-6ACDFD9390C5}.Debug|x64.Build.0 = Debug|x64
		{7E28EC6B-72CC-423E-80CF-6ACDFD9390C5}.Debug|x86.ActiveCfg = Debug|Win32
		{7E28EC6B-72CC-423E-80CF-6ACDFD9390C5}.Debug|x86.Build.0 = Debug|Win32
		{7E28EC6B-72CC-423E-80CF-6ACDFD9390C5}.Release|x64.ActiveCfg = Release|x64
		{7E28EC6B-72CC-423E-80CF-6ACDFD9390C5}.Release|x64.Build.0 = Release|x64
		{7E28EC6B-72CC-423E-80CF-6ACDFD9390C5}.Release|x86.ActiveCfg = Release|Win32
		{7E28EC6B-72CC-423E-80CF-6ACDFD9390C5}.Release|x86.Build.0 = Release|Win32
		{8531946A-9D52-4C00-A6E6-6DC211A3D2D8}.Debug|x64.ActiveCfg = Debug|x64
		{8531946A-9D52-4C00-A6E6-6DC211A3D2D8}.Debug|x64.Build.0 = Debug|x64
		{8531946A-9D52-4C00-A6E6-6DC211A3D2D8}.Debug|x86.ActiveCfg = Debug|Win32
		{8531946A-9D52-4C00-A6E6-6DC211A3D2D8}.Debug|x86.Build.0 = Debug|Win32
		{8531946A-9D52-4C00-A6E6-6DC211A3D2D8}.Release|x64.ActiveCfg = Release|x64
		{8531946A-9D52-4C00-A6E6-6DC211A3D2D8}.Release|x64.Build.0 = Release|x64
		{8531946A-9D52-4C00-A6E6-6DC211A3D2D8}.Release|x86.ActiveCfg = Release|Win32
		{8531946A-9D52-4C00-A6E6-6DC211A3D2D8}.Release|x86.Build.0 = Release|Win32
		{4D0AE8E0-2CBF-4E8A-A584-B9AB8A30FAE0}.Debug|x64.ActiveCfg = Debug|x64
		{4D0AE8E0-2CBF-4E8A-A584-B9AB8A30FAE0}.Debug|x64.Build.0 = Debug|x64
		{4D0AE8E0-2CBF-4E8A-A584-B9AB8A30FAE0}.Debug|x86.ActiveCfg = Debug|Win32
		{4D0AE8E0-2CBF-4E8A-A584-B9AB8A30FAE0}.Debug|x86.Build.0 = Debug|Win32
		{4D0AE8E0-2CBF-4E8A-A584-B9AB8A30FAE0}.Release|x64.ActiveCfg = Release|x64
		{4D0AE8E0-2CBF-4E8A-A584-B9AB8A30FAE0}.Release|x64.Build.0 = Release|x64
		{4D0AE8E0-2CBF-4E8A-A584-B9AB8A30FAE0}.Release|x86.ActiveCfg = Release|Win32
		{4D0AE8E0-2CBF-4E8A-A584-B9AB8A30FAE0}.Release|x86.Build.0 = Release|Win32
		{BBEBBD91-DDC3-4162-9C5A-E91D9279D780}.Debug|x64.ActiveCfg = Debug|x64
		{BBEBBD91-DDC3-4162-9C5A-E91D9279D780}.Debug|x64.Build.0 = Debug|x64
		{BBEBBD91-DDC3-4162-9C5A-E91D9279D780}.Debug|x86.ActiveCfg = Debug|Win32
		{BBEBBD91-DDC3-4162-9C5A-E91D9279D780}.Debug|x86.Build.0 = Debug|Win32
		{BBEBBD91-DDC3-4162-9C5A-E91D9279D780}.Release|x64.ActiveCfg = Release|x64
		{BBEBBD91-DDC3-4162-9C5A-E91D9279D780}.Release|x64.Build.0 = Release|x64
		{BBEBBD91-DDC3-4162-9C5A-E91D9279D780}.Release|x86.ActiveCfg = Release|Win32
		{BBEBBD91-DDC3-4162-9C5A-E91D9279D780}.Release|x86.Build.0 = Release|Win32
	EndGlobalSection
	GlobalSection(SolutionProperties) = preSolution
		HideSolutionNode = FALSE
	EndGlobalSection
	GlobalSection(ExtensibilityGlobals) = postSolution
		SolutionGuid = {042875D1-D900-437D-A8E0-61C0F09C1200}
	EndGlobalSection
EndGlobal
